// !$*UTF8*$!
{
	archiveVersion = 1;
	classes = {
	};
	objectVersion = 56;
	objects = {

/* Begin PBXBuildFile section */
		49231BB32AC6038C00F98ADF /* DarwinAppMain.swift in Sources */ = {isa = PBXBuildFile; fileRef = 49F90C2B2A52156200F06D93 /* DarwinAppMain.swift */; };
		49231BB72AC6038C00F98ADF /* Assets.xcassets in Resources */ = {isa = PBXBuildFile; fileRef = 49F90C2F2A52156300F06D93 /* Assets.xcassets */; };
		49231BC22AC6330B00F98ADF /* WeatherApp in Frameworks */ = {isa = PBXBuildFile; productRef = 49231BC12AC6330B00F98ADF /* WeatherApp */; };
		49231BC32AC6330B00F98ADF /* WeatherApp in Embed Frameworks */ = {isa = PBXBuildFile; productRef = 49231BC12AC6330B00F98ADF /* WeatherApp */; settings = {ATTRIBUTES = (CodeSignOnCopy, ); }; };
		49231BC52AC6358F00F98ADF /* WeatherApp in Frameworks */ = {isa = PBXBuildFile; productRef = 49231BC42AC6358F00F98ADF /* WeatherApp */; };
		49231BC62AC6358F00F98ADF /* WeatherApp in Embed Frameworks */ = {isa = PBXBuildFile; productRef = 49231BC42AC6358F00F98ADF /* WeatherApp */; settings = {ATTRIBUTES = (CodeSignOnCopy, ); }; };
		49F90C2C2A52156200F06D93 /* DarwinAppMain.swift in Sources */ = {isa = PBXBuildFile; fileRef = 49F90C2B2A52156200F06D93 /* DarwinAppMain.swift */; };
		49F90C302A52156300F06D93 /* Assets.xcassets in Resources */ = {isa = PBXBuildFile; fileRef = 49F90C2F2A52156300F06D93 /* Assets.xcassets */; };
/* End PBXBuildFile section */

/* Begin PBXCopyFilesBuildPhase section */
		49231BB82AC6038C00F98ADF /* Embed Frameworks */ = {
			isa = PBXCopyFilesBuildPhase;
			buildActionMask = 2147483647;
			dstPath = "";
			dstSubfolderSpec = 10;
			files = (
				49231BC32AC6330B00F98ADF /* WeatherApp in Embed Frameworks */,
			);
			name = "Embed Frameworks";
			runOnlyForDeploymentPostprocessing = 0;
		};
		493FD7172AB236CD00E08F76 /* Embed Frameworks */ = {
			isa = PBXCopyFilesBuildPhase;
			buildActionMask = 2147483647;
			dstPath = "";
			dstSubfolderSpec = 10;
			files = (
				49231BC62AC6358F00F98ADF /* WeatherApp in Embed Frameworks */,
			);
			name = "Embed Frameworks";
			runOnlyForDeploymentPostprocessing = 0;
		};
/* End PBXCopyFilesBuildPhase section */

/* Begin PBXFileReference section */
		490FDD992AC22C9600AA780D /* skip.yml */ = {isa = PBXFileReference; lastKnownFileType = text.yaml; name = skip.yml; path = Sources/AppUI/Skip/skip.yml; sourceTree = "<group>"; };
		490FDD9A2AC22C9600AA780D /* AndroidManifest.xml */ = {isa = PBXFileReference; lastKnownFileType = text.xml; name = AndroidManifest.xml; path = Sources/AppUI/Skip/AndroidManifest.xml; sourceTree = "<group>"; };
		490FDD9B2AC2539400AA780D /* WeatherAppUI-debug.apk */ = {isa = PBXFileReference; lastKnownFileType = file; name = "WeatherAppUI-debug.apk"; path = "Skip/build/artifacts/WeatherAppUI-debug.apk"; sourceTree = "<group>"; };
		49231BC02AC6171D00F98ADF /* App+.app */ = {isa = PBXFileReference; explicitFileType = wrapper.application; includeInIndex = 0; path = "App+.app"; sourceTree = BUILT_PRODUCTS_DIR; };
		493609562A6B7EAE00C401E2 /* AppModule */ = {isa = PBXFileReference; lastKnownFileType = wrapper; name = AppModule; path = .; sourceTree = "<group>"; };
		496EB72F2A6AE4DE00C1253B /* App.xcconfig */ = {isa = PBXFileReference; lastKnownFileType = text.xcconfig; path = App.xcconfig; sourceTree = "<group>"; };
		49CC15D42AB209A200AE2718 /* SkipWeather.app */ = {isa = PBXFileReference; explicitFileType = wrapper.application; includeInIndex = 0; path = SkipWeather.app; sourceTree = BUILT_PRODUCTS_DIR; };
		49F90C2B2A52156200F06D93 /* DarwinAppMain.swift */ = {isa = PBXFileReference; lastKnownFileType = sourcecode.swift; name = DarwinAppMain.swift; path = Sources/AppMetadata/DarwinAppMain.swift; sourceTree = SOURCE_ROOT; };
		49F90C2F2A52156300F06D93 /* Assets.xcassets */ = {isa = PBXFileReference; lastKnownFileType = folder.assetcatalog; name = Assets.xcassets; path = Sources/AppMetadata/Assets.xcassets; sourceTree = "<group>"; };
		49F90C312A52156300F06D93 /* App.entitlements */ = {isa = PBXFileReference; lastKnownFileType = text.plist.entitlements; name = App.entitlements; path = Sources/AppMetadata/App.entitlements; sourceTree = "<group>"; };
		49F9353C2AC457C400DFBA6F /* README.md */ = {isa = PBXFileReference; lastKnownFileType = net.daringfireball.markdown; path = README.md; sourceTree = "<group>"; };
/* End PBXFileReference section */

/* Begin PBXFrameworksBuildPhase section */
		49231BB42AC6038C00F98ADF /* Frameworks */ = {
			isa = PBXFrameworksBuildPhase;
			buildActionMask = 2147483647;
			files = (
				49231BC22AC6330B00F98ADF /* WeatherApp in Frameworks */,
			);
			runOnlyForDeploymentPostprocessing = 0;
		};
		49F90C252A52156200F06D93 /* Frameworks */ = {
			isa = PBXFrameworksBuildPhase;
			buildActionMask = 2147483647;
			files = (
				49231BC52AC6358F00F98ADF /* WeatherApp in Frameworks */,
			);
			runOnlyForDeploymentPostprocessing = 0;
		};
/* End PBXFrameworksBuildPhase section */

/* Begin PBXGroup section */
		490FDD982AC22C3F00AA780D /* Android App */ = {
			isa = PBXGroup;
			children = (
				490FDD9A2AC22C9600AA780D /* AndroidManifest.xml */,
				490FDD992AC22C9600AA780D /* skip.yml */,
				490FDD9B2AC2539400AA780D /* WeatherAppUI-debug.apk */,
			);
			name = "Android App";
			sourceTree = "<group>";
		};
		493FD7142AB236CD00E08F76 /* Frameworks */ = {
			isa = PBXGroup;
			children = (
			);
			name = Frameworks;
			sourceTree = "<group>";
		};
		49F90C1F2A52156200F06D93 = {
			isa = PBXGroup;
			children = (
				49F9353C2AC457C400DFBA6F /* README.md */,
				496EB72F2A6AE4DE00C1253B /* App.xcconfig */,
				493609562A6B7EAE00C401E2 /* AppModule */,
				490FDD982AC22C3F00AA780D /* Android App */,
				49F90C2A2A52156200F06D93 /* iOS App */,
				49F90C292A52156200F06D93 /* Products */,
				493FD7142AB236CD00E08F76 /* Frameworks */,
				49231BC02AC6171D00F98ADF /* App+.app */,
			);
			sourceTree = "<group>";
		};
		49F90C292A52156200F06D93 /* Products */ = {
			isa = PBXGroup;
			children = (
				49CC15D42AB209A200AE2718 /* SkipWeather.app */,
			);
			name = Products;
			sourceTree = "<group>";
		};
		49F90C2A2A52156200F06D93 /* iOS App */ = {
			isa = PBXGroup;
			children = (
				49F90C312A52156300F06D93 /* App.entitlements */,
				49F90C2F2A52156300F06D93 /* Assets.xcassets */,
				49F90C2B2A52156200F06D93 /* DarwinAppMain.swift */,
			);
			name = "iOS App";
			sourceTree = "<group>";
		};
/* End PBXGroup section */

/* Begin PBXNativeTarget section */
		49231BB02AC6038C00F98ADF /* App+ */ = {
			isa = PBXNativeTarget;
			buildConfigurationList = 49231BBA2AC6038C00F98ADF /* Build configuration list for PBXNativeTarget "App+" */;
			buildPhases = (
				49231BB22AC6038C00F98ADF /* Sources */,
				49231BB42AC6038C00F98ADF /* Frameworks */,
				49231BB62AC6038C00F98ADF /* Resources */,
				49231BB82AC6038C00F98ADF /* Embed Frameworks */,
				49231BBE2AC603CF00F98ADF /* Build Android APK */,
				49231BBF2AC603E900F98ADF /* Launch Android APK */,
			);
			buildRules = (
			);
			dependencies = (
			);
			name = "App+";
			packageProductDependencies = (
				49231BC12AC6330B00F98ADF /* WeatherApp */,
			);
			productName = App;
			productReference = 49231BC02AC6171D00F98ADF /* App+.app */;
			productType = "com.apple.product-type.application";
		};
		49F90C272A52156200F06D93 /* App */ = {
			isa = PBXNativeTarget;
			buildConfigurationList = 49F90C4D2A52156300F06D93 /* Build configuration list for PBXNativeTarget "App" */;
			buildPhases = (
				49F90C242A52156200F06D93 /* Sources */,
				49F90C252A52156200F06D93 /* Frameworks */,
				49F90C262A52156200F06D93 /* Resources */,
				493FD7172AB236CD00E08F76 /* Embed Frameworks */,
			);
			buildRules = (
			);
			dependencies = (
			);
			name = App;
			packageProductDependencies = (
				49231BC42AC6358F00F98ADF /* WeatherApp */,
			);
			productName = App;
			productReference = 49CC15D42AB209A200AE2718 /* SkipWeather.app */;
			productType = "com.apple.product-type.application";
		};
/* End PBXNativeTarget section */

/* Begin PBXProject section */
		49F90C202A52156200F06D93 /* Project object */ = {
			isa = PBXProject;
			attributes = {
				BuildIndependentTargetsInParallel = 1;
				LastSwiftUpdateCheck = 1500;
				LastUpgradeCheck = 1500;
				TargetAttributes = {
					49F90C272A52156200F06D93 = {
						CreatedOnToolsVersion = 15.0;
					};
				};
			};
			buildConfigurationList = 49F90C232A52156200F06D93 /* Build configuration list for PBXProject "WeatherApp" */;
			compatibilityVersion = "Xcode 14.0";
			developmentRegion = en;
			hasScannedForEncodings = 0;
			knownRegions = (
				en,
				Base,
			);
			mainGroup = 49F90C1F2A52156200F06D93;
			packageReferences = (
				49087B482AA90500009B5B7F /* XCRemoteSwiftPackageReference "skip" */,
			);
			productRefGroup = 49F90C1F2A52156200F06D93;
			projectDirPath = "";
			projectRoot = "";
			targets = (
				49F90C272A52156200F06D93 /* App */,
				49231BB02AC6038C00F98ADF /* App+ */,
			);
		};
/* End PBXProject section */

/* Begin PBXResourcesBuildPhase section */
		49231BB62AC6038C00F98ADF /* Resources */ = {
			isa = PBXResourcesBuildPhase;
			buildActionMask = 2147483647;
			files = (
				49231BB72AC6038C00F98ADF /* Assets.xcassets in Resources */,
			);
			runOnlyForDeploymentPostprocessing = 0;
		};
		49F90C262A52156200F06D93 /* Resources */ = {
			isa = PBXResourcesBuildPhase;
			buildActionMask = 2147483647;
			files = (
				49F90C302A52156300F06D93 /* Assets.xcassets in Resources */,
			);
			runOnlyForDeploymentPostprocessing = 0;
		};
/* End PBXResourcesBuildPhase section */

/* Begin PBXShellScriptBuildPhase section */
		49231BBE2AC603CF00F98ADF /* Build Android APK */ = {
			isa = PBXShellScriptBuildPhase;
			alwaysOutOfDate = 1;
			buildActionMask = 2147483647;
			files = (
			);
			inputFileListPaths = (
			);
			inputPaths = (
			);
			name = "Build Android APK";
			outputFileListPaths = (
			);
			outputPaths = (
			);
			runOnlyForDeploymentPostprocessing = 0;
			shellPath = "/bin/sh -e";
			shellScript = "if [ \"${SKIP_BUILD_APK}\" != \"YES\" ]; then\n  echo \"note: Not building apk due to SKIP_BUILD_APK setting\"\n  exit 0\nfi\n\nPLUGIN=${BUILD_ROOT}/../../SourcePackages/artifacts/skip/skip/skip.artifactbundle/macos\nPATH=${BUILD_ROOT}/Debug:${PLUGIN}:${PATH}:${HOMEBREW_PREFIX:-/opt/homebrew}/bin\nPROJECT=$(basename ${PROJECT_DIR})\nSRCPKG=${BUILD_ROOT}/../../SourcePackages\necho \"note: Building APK for: ${PROJECT}\"\nexport ANDROID_HOME=${ANDROID_HOME:-${HOME}/Library/Android/sdk}\nwhich skip\nmkdir -p Skip/build/artifacts/\nskip gradle --package \"${PROJECT}\" --module ${PROJECT_NAME}UI assemble${CONFIGURATION}\ncd Skip/build/\nln -sfh ${SRCPKG}/plugins/*.output .\ncd artifacts/\n#ln -f ${SRCPKG}/plugins/*.output/*/skipstone/*/build/outputs/apk/*/*.apk .\nln -f ${SRCPKG}/plugins/*.output/*/skipstone/*/.build/*/outputs/apk/*/*.apk .\n\n# this is the expected output file, so ensure that it exists\nls -lah ${SRCROOT}/Skip/build/artifacts/${PROJECT_NAME}UI-${CONFIGURATION}.apk\n";
		};
		49231BBF2AC603E900F98ADF /* Launch Android APK */ = {
			isa = PBXShellScriptBuildPhase;
			alwaysOutOfDate = 1;
			buildActionMask = 2147483647;
			files = (
			);
			inputFileListPaths = (
			);
			inputPaths = (
			);
			name = "Launch Android APK";
			outputFileListPaths = (
			);
			outputPaths = (
			);
			runOnlyForDeploymentPostprocessing = 0;
			shellPath = "/bin/sh -e";
			shellScript = "if [ \"${SKIP_LAUNCH_APK}\" != \"YES\" ]; then\n  echo \"note: Not launching apk due to SKIP_LAUNCH_APK setting\"\n  exit 0\nfi\n\nPLUGIN=${BUILD_ROOT}/../../SourcePackages/artifacts/skip/skip/skip.artifactbundle/macos\nPATH=${BUILD_ROOT}/Debug:${PLUGIN}:${PATH}:${HOMEBREW_PREFIX:-/opt/homebrew}/bin\necho \"note: Running skip adb install\"\nskip adb install -t -r -d -g Skip/build/artifacts/${PROJECT_NAME}UI-${CONFIGURATION}.apk\necho \"note: Running skip adb am start-activity\"\nskip adb shell am start-activity -S -W -n ${PRODUCT_BUNDLE_IDENTIFIER}/.MainActivity\n";
		};
/* End PBXShellScriptBuildPhase section */

/* Begin PBXSourcesBuildPhase section */
		49231BB22AC6038C00F98ADF /* Sources */ = {
			isa = PBXSourcesBuildPhase;
			buildActionMask = 2147483647;
			files = (
				49231BB32AC6038C00F98ADF /* DarwinAppMain.swift in Sources */,
			);
			runOnlyForDeploymentPostprocessing = 0;
		};
		49F90C242A52156200F06D93 /* Sources */ = {
			isa = PBXSourcesBuildPhase;
			buildActionMask = 2147483647;
			files = (
				49F90C2C2A52156200F06D93 /* DarwinAppMain.swift in Sources */,
			);
			runOnlyForDeploymentPostprocessing = 0;
		};
/* End PBXSourcesBuildPhase section */

/* Begin XCBuildConfiguration section */
		49231BBB2AC6038C00F98ADF /* Debug */ = {
			isa = XCBuildConfiguration;
			buildSettings = {
				ASSETCATALOG_COMPILER_APPICON_NAME = AppIcon;
				ASSETCATALOG_COMPILER_GLOBAL_ACCENT_COLOR_NAME = AccentColor;
				CODE_SIGN_ENTITLEMENTS = Sources/AppMetadata/App.entitlements;
				CODE_SIGN_STYLE = Automatic;
				DEVELOPMENT_ASSET_PATHS = "";
				ENABLE_PREVIEWS = YES;
				GENERATE_INFOPLIST_FILE = YES;
				LD_RUNPATH_SEARCH_PATHS = "@executable_path/Frameworks";
				"LD_RUNPATH_SEARCH_PATHS[sdk=macosx*]" = "@executable_path/../Frameworks";
				PRODUCT_NAME = "$(TARGET_NAME)";
				SDKROOT = auto;
				SKIP_TARGET = NO;
				SUPPORTED_PLATFORMS = "iphoneos iphonesimulator macosx";
				SUPPORTS_MACCATALYST = NO;
				SUPPORTS_MAC_DESIGNED_FOR_IPHONE_IPAD = NO;
				SWIFT_EMIT_LOC_STRINGS = YES;
				SWIFT_VERSION = 5.0;
				TARGETED_DEVICE_FAMILY = "1,2";
			};
			name = Debug;
		};
		49231BBC2AC6038C00F98ADF /* Release */ = {
			isa = XCBuildConfiguration;
			buildSettings = {
				ASSETCATALOG_COMPILER_APPICON_NAME = AppIcon;
				ASSETCATALOG_COMPILER_GLOBAL_ACCENT_COLOR_NAME = AccentColor;
				CODE_SIGN_ENTITLEMENTS = Sources/AppMetadata/App.entitlements;
				CODE_SIGN_STYLE = Automatic;
				DEVELOPMENT_ASSET_PATHS = "";
				ENABLE_PREVIEWS = YES;
				GENERATE_INFOPLIST_FILE = YES;
				LD_RUNPATH_SEARCH_PATHS = "@executable_path/Frameworks";
				"LD_RUNPATH_SEARCH_PATHS[sdk=macosx*]" = "@executable_path/../Frameworks";
				PRODUCT_NAME = "$(TARGET_NAME)";
				SDKROOT = auto;
				SKIP_TARGET = NO;
				SUPPORTED_PLATFORMS = "iphoneos iphonesimulator macosx";
				SUPPORTS_MACCATALYST = NO;
				SUPPORTS_MAC_DESIGNED_FOR_IPHONE_IPAD = NO;
				SWIFT_EMIT_LOC_STRINGS = YES;
				SWIFT_VERSION = 5.0;
				TARGETED_DEVICE_FAMILY = "1,2";
			};
			name = Release;
		};
		49F90C4B2A52156300F06D93 /* Debug */ = {
			isa = XCBuildConfiguration;
			baseConfigurationReference = 496EB72F2A6AE4DE00C1253B /* App.xcconfig */;
			buildSettings = {
				ALWAYS_SEARCH_USER_PATHS = NO;
				ASSETCATALOG_COMPILER_GENERATE_SWIFT_ASSET_SYMBOL_EXTENSIONS = YES;
				CLANG_ANALYZER_NONNULL = YES;
				CLANG_ANALYZER_NUMBER_OBJECT_CONVERSION = YES_AGGRESSIVE;
				CLANG_CXX_LANGUAGE_STANDARD = "gnu++20";
				CLANG_ENABLE_MODULES = YES;
				CLANG_ENABLE_OBJC_ARC = YES;
				CLANG_ENABLE_OBJC_WEAK = YES;
				CLANG_WARN_BLOCK_CAPTURE_AUTORELEASING = YES;
				CLANG_WARN_BOOL_CONVERSION = YES;
				CLANG_WARN_COMMA = YES;
				CLANG_WARN_CONSTANT_CONVERSION = YES;
				CLANG_WARN_DEPRECATED_OBJC_IMPLEMENTATIONS = YES;
				CLANG_WARN_DIRECT_OBJC_ISA_USAGE = YES_ERROR;
				CLANG_WARN_DOCUMENTATION_COMMENTS = YES;
				CLANG_WARN_EMPTY_BODY = YES;
				CLANG_WARN_ENUM_CONVERSION = YES;
				CLANG_WARN_INFINITE_RECURSION = YES;
				CLANG_WARN_INT_CONVERSION = YES;
				CLANG_WARN_NON_LITERAL_NULL_CONVERSION = YES;
				CLANG_WARN_OBJC_IMPLICIT_RETAIN_SELF = YES;
				CLANG_WARN_OBJC_LITERAL_CONVERSION = YES;
				CLANG_WARN_OBJC_ROOT_CLASS = YES_ERROR;
				CLANG_WARN_QUOTED_INCLUDE_IN_FRAMEWORK_HEADER = YES;
				CLANG_WARN_RANGE_LOOP_ANALYSIS = YES;
				CLANG_WARN_STRICT_PROTOTYPES = YES;
				CLANG_WARN_SUSPICIOUS_MOVE = YES;
				CLANG_WARN_UNGUARDED_AVAILABILITY = YES_AGGRESSIVE;
				CLANG_WARN_UNREACHABLE_CODE = YES;
				CLANG_WARN__DUPLICATE_METHOD_MATCH = YES;
				COPY_PHASE_STRIP = NO;
				DEBUG_INFORMATION_FORMAT = dwarf;
				ENABLE_STRICT_OBJC_MSGSEND = YES;
				ENABLE_TESTABILITY = YES;
				ENABLE_TESTING_SEARCH_PATHS = NO;
				ENABLE_USER_SCRIPT_SANDBOXING = NO;
				GCC_C_LANGUAGE_STANDARD = gnu17;
				GCC_DYNAMIC_NO_PIC = NO;
				GCC_NO_COMMON_BLOCKS = YES;
				GCC_OPTIMIZATION_LEVEL = 0;
				GCC_PREPROCESSOR_DEFINITIONS = (
					"DEBUG=1",
					"$(inherited)",
				);
				GCC_WARN_64_TO_32_BIT_CONVERSION = YES;
				GCC_WARN_ABOUT_RETURN_TYPE = YES_ERROR;
				GCC_WARN_UNDECLARED_SELECTOR = YES;
				GCC_WARN_UNINITIALIZED_AUTOS = YES_AGGRESSIVE;
				GCC_WARN_UNUSED_FUNCTION = YES;
				GCC_WARN_UNUSED_VARIABLE = YES;
				LOCALIZATION_PREFERS_STRING_CATALOGS = YES;
				MTL_ENABLE_DEBUG_INFO = INCLUDE_SOURCE;
				MTL_FAST_MATH = YES;
				ONLY_ACTIVE_ARCH = YES;
				SKIP_TARGET = YES;
				SWIFT_ACTIVE_COMPILATION_CONDITIONS = "DEBUG $(inherited)";
				SWIFT_OPTIMIZATION_LEVEL = "-Onone";
			};
			name = Debug;
		};
		49F90C4C2A52156300F06D93 /* Release */ = {
			isa = XCBuildConfiguration;
			baseConfigurationReference = 496EB72F2A6AE4DE00C1253B /* App.xcconfig */;
			buildSettings = {
				ALWAYS_SEARCH_USER_PATHS = NO;
				ASSETCATALOG_COMPILER_GENERATE_SWIFT_ASSET_SYMBOL_EXTENSIONS = YES;
				CLANG_ANALYZER_NONNULL = YES;
				CLANG_ANALYZER_NUMBER_OBJECT_CONVERSION = YES_AGGRESSIVE;
				CLANG_CXX_LANGUAGE_STANDARD = "gnu++20";
				CLANG_ENABLE_MODULES = YES;
				CLANG_ENABLE_OBJC_ARC = YES;
				CLANG_ENABLE_OBJC_WEAK = YES;
				CLANG_WARN_BLOCK_CAPTURE_AUTORELEASING = YES;
				CLANG_WARN_BOOL_CONVERSION = YES;
				CLANG_WARN_COMMA = YES;
				CLANG_WARN_CONSTANT_CONVERSION = YES;
				CLANG_WARN_DEPRECATED_OBJC_IMPLEMENTATIONS = YES;
				CLANG_WARN_DIRECT_OBJC_ISA_USAGE = YES_ERROR;
				CLANG_WARN_DOCUMENTATION_COMMENTS = YES;
				CLANG_WARN_EMPTY_BODY = YES;
				CLANG_WARN_ENUM_CONVERSION = YES;
				CLANG_WARN_INFINITE_RECURSION = YES;
				CLANG_WARN_INT_CONVERSION = YES;
				CLANG_WARN_NON_LITERAL_NULL_CONVERSION = YES;
				CLANG_WARN_OBJC_IMPLICIT_RETAIN_SELF = YES;
				CLANG_WARN_OBJC_LITERAL_CONVERSION = YES;
				CLANG_WARN_OBJC_ROOT_CLASS = YES_ERROR;
				CLANG_WARN_QUOTED_INCLUDE_IN_FRAMEWORK_HEADER = YES;
				CLANG_WARN_RANGE_LOOP_ANALYSIS = YES;
				CLANG_WARN_STRICT_PROTOTYPES = YES;
				CLANG_WARN_SUSPICIOUS_MOVE = YES;
				CLANG_WARN_UNGUARDED_AVAILABILITY = YES_AGGRESSIVE;
				CLANG_WARN_UNREACHABLE_CODE = YES;
				CLANG_WARN__DUPLICATE_METHOD_MATCH = YES;
				COPY_PHASE_STRIP = NO;
				DEBUG_INFORMATION_FORMAT = "dwarf-with-dsym";
				ENABLE_NS_ASSERTIONS = NO;
				ENABLE_STRICT_OBJC_MSGSEND = YES;
				ENABLE_TESTING_SEARCH_PATHS = NO;
				ENABLE_USER_SCRIPT_SANDBOXING = NO;
				GCC_C_LANGUAGE_STANDARD = gnu17;
				GCC_NO_COMMON_BLOCKS = YES;
				GCC_WARN_64_TO_32_BIT_CONVERSION = YES;
				GCC_WARN_ABOUT_RETURN_TYPE = YES_ERROR;
				GCC_WARN_UNDECLARED_SELECTOR = YES;
				GCC_WARN_UNINITIALIZED_AUTOS = YES_AGGRESSIVE;
				GCC_WARN_UNUSED_FUNCTION = YES;
				GCC_WARN_UNUSED_VARIABLE = YES;
				LOCALIZATION_PREFERS_STRING_CATALOGS = YES;
				MTL_ENABLE_DEBUG_INFO = NO;
				MTL_FAST_MATH = YES;
				SKIP_TARGET = YES;
				SWIFT_COMPILATION_MODE = wholemodule;
			};
			name = Release;
		};
		49F90C4E2A52156300F06D93 /* Debug */ = {
			isa = XCBuildConfiguration;
			buildSettings = {
				ASSETCATALOG_COMPILER_APPICON_NAME = AppIcon;
				ASSETCATALOG_COMPILER_GLOBAL_ACCENT_COLOR_NAME = AccentColor;
				CODE_SIGN_ENTITLEMENTS = Sources/AppMetadata/App.entitlements;
				CODE_SIGN_STYLE = Automatic;
				DEVELOPMENT_ASSET_PATHS = "";
				ENABLE_PREVIEWS = YES;
				GENERATE_INFOPLIST_FILE = YES;
				LD_RUNPATH_SEARCH_PATHS = "@executable_path/Frameworks";
				"LD_RUNPATH_SEARCH_PATHS[sdk=macosx*]" = "@executable_path/../Frameworks";
				SDKROOT = auto;
				SKIP_TARGET = NO;
				SUPPORTED_PLATFORMS = "iphoneos iphonesimulator macosx";
				SUPPORTS_MACCATALYST = NO;
				SUPPORTS_MAC_DESIGNED_FOR_IPHONE_IPAD = NO;
				SWIFT_EMIT_LOC_STRINGS = YES;
				SWIFT_VERSION = 5.0;
				TARGETED_DEVICE_FAMILY = "1,2";
			};
			name = Debug;
		};
		49F90C4F2A52156300F06D93 /* Release */ = {
			isa = XCBuildConfiguration;
			buildSettings = {
				ASSETCATALOG_COMPILER_APPICON_NAME = AppIcon;
				ASSETCATALOG_COMPILER_GLOBAL_ACCENT_COLOR_NAME = AccentColor;
				CODE_SIGN_ENTITLEMENTS = Sources/AppMetadata/App.entitlements;
				CODE_SIGN_STYLE = Automatic;
				DEVELOPMENT_ASSET_PATHS = "";
				ENABLE_PREVIEWS = YES;
				GENERATE_INFOPLIST_FILE = YES;
				LD_RUNPATH_SEARCH_PATHS = "@executable_path/Frameworks";
				"LD_RUNPATH_SEARCH_PATHS[sdk=macosx*]" = "@executable_path/../Frameworks";
				SDKROOT = auto;
				SKIP_TARGET = NO;
				SUPPORTED_PLATFORMS = "iphoneos iphonesimulator macosx";
				SUPPORTS_MACCATALYST = NO;
				SUPPORTS_MAC_DESIGNED_FOR_IPHONE_IPAD = NO;
				SWIFT_EMIT_LOC_STRINGS = YES;
				SWIFT_VERSION = 5.0;
				TARGETED_DEVICE_FAMILY = "1,2";
			};
			name = Release;
		};
/* End XCBuildConfiguration section */

/* Begin XCConfigurationList section */
		49231BBA2AC6038C00F98ADF /* Build configuration list for PBXNativeTarget "App+" */ = {
			isa = XCConfigurationList;
			buildConfigurations = (
				49231BBB2AC6038C00F98ADF /* Debug */,
				49231BBC2AC6038C00F98ADF /* Release */,
			);
			defaultConfigurationIsVisible = 0;
			defaultConfigurationName = Release;
		};
		49F90C232A52156200F06D93 /* Build configuration list for PBXProject "WeatherApp" */ = {
			isa = XCConfigurationList;
			buildConfigurations = (
				49F90C4B2A52156300F06D93 /* Debug */,
				49F90C4C2A52156300F06D93 /* Release */,
			);
			defaultConfigurationIsVisible = 0;
			defaultConfigurationName = Release;
		};
		49F90C4D2A52156300F06D93 /* Build configuration list for PBXNativeTarget "App" */ = {
			isa = XCConfigurationList;
			buildConfigurations = (
				49F90C4E2A52156300F06D93 /* Debug */,
				49F90C4F2A52156300F06D93 /* Release */,
			);
			defaultConfigurationIsVisible = 0;
			defaultConfigurationName = Release;
		};
/* End XCConfigurationList section */

/* Begin XCRemoteSwiftPackageReference section */
		49087B482AA90500009B5B7F /* XCRemoteSwiftPackageReference "skip" */ = {
			isa = XCRemoteSwiftPackageReference;
			repositoryURL = "https://source.skip.tools/skip.git";
			requirement = {
				kind = upToNextMajorVersion;
				minimumVersion = 0.0.0;
			};
		};
/* End XCRemoteSwiftPackageReference section */

/* Begin XCSwiftPackageProductDependency section */
		49231BC12AC6330B00F98ADF /* WeatherApp */ = {
			isa = XCSwiftPackageProductDependency;
			productName = WeatherApp;
		};
		49231BC42AC6358F00F98ADF /* WeatherApp */ = {
			isa = XCSwiftPackageProductDependency;
			productName = WeatherApp;
		};
/* End XCSwiftPackageProductDependency section */
	};
	rootObject = 49F90C202A52156200F06D93 /* Project object */;
}
